
Microsoft Visual Studio Solution File, Format Version 12.00
# Visual Studio Version 17
VisualStudioVersion = 17.5.33424.131
MinimumVisualStudioVersion = 10.0.40219.1
Project("{FAE04EC0-301F-11D3-BF4B-00C04F79EFBC}") = "MediLab", "MediLab\MediLab.csproj", "{6115AF5B-CC41-4584-8BE0-A1BFD69B0907}"
EndProject
Global
	GlobalSection(SolutionConfigurationPlatforms) = preSolution
		Debug|Any CPU = Debug|Any CPU
		Release|Any CPU = Release|Any CPU
	EndGlobalSection
	GlobalSection(ProjectConfigurationPlatforms) = postSolution
		{6115AF5B-CC41-4584-8BE0-A1BFD69B0907}.Debug|Any CPU.ActiveCfg = Debug|Any CPU
		{6115AF5B-CC41-4584-8BE0-A1BFD69B0907}.Debug|Any CPU.Build.0 = Debug|Any CPU
		{6115AF5B-CC41-4584-8BE0-A1BFD69B0907}.Release|Any CPU.ActiveCfg = Release|Any CPU
		{6115AF5B-CC41-4584-8BE0-A1BFD69B0907}.Release|Any CPU.Build.0 = Release|Any CPU
	EndGlobalSection
	GlobalSection(SolutionProperties) = preSolution
		HideSolutionNode = FALSE
	EndGlobalSection
	GlobalSection(ExtensibilityGlobals) = postSolution
		SolutionGuid = {99DEE61C-8298-4571-BFAB-38816F82247D}
	EndGlobalSection
EndGlobal
